
Microsoft Visual Studio Solution File, Format Version 12.00
# Visual Studio Version 17
VisualStudioVersion = 17.7.34031.279
MinimumVisualStudioVersion = 10.0.40219.1
Project("{9A19103F-16F7-4668-BE54-9A1E7A4F7556}") = "e-Clinic.Web", "e-Clinic.Web\e-Clinic.Web.csproj", "{9C26F517-6903-4A70-9FCD-3513C360E34B}"
EndProject
Project("{9A19103F-16F7-4668-BE54-9A1E7A4F7556}") = "e-Clinic.DataAccess", "e-Clinic.DataAccess\e-Clinic.DataAccess.csproj", "{3B2C65EB-8536-4D8E-B2FB-5E3C320E2332}"
EndProject
Project("{FAE04EC0-301F-11D3-BF4B-00C04F79EFBC}") = "e-Clinic.Utility", "e-Clinic.Utility\e-Clinic.Utility.csproj", "{4E31D778-96AB-47B6-8A59-E84701E0B85D}"
EndProject
Global
	GlobalSection(SolutionConfigurationPlatforms) = preSolution
		Debug|Any CPU = Debug|Any CPU
		Release|Any CPU = Release|Any CPU
	EndGlobalSection
	GlobalSection(ProjectConfigurationPlatforms) = postSolution
		{9C26F517-6903-4A70-9FCD-3513C360E34B}.Debug|Any CPU.ActiveCfg = Debug|Any CPU
		{9C26F517-6903-4A70-9FCD-3513C360E34B}.Debug|Any CPU.Build.0 = Debug|Any CPU
		{9C26F517-6903-4A70-9FCD-3513C360E34B}.Release|Any CPU.ActiveCfg = Release|Any CPU
		{9C26F517-6903-4A70-9FCD-3513C360E34B}.Release|Any CPU.Build.0 = Release|Any CPU
		{3B2C65EB-8536-4D8E-B2FB-5E3C320E2332}.Debug|Any CPU.ActiveCfg = Debug|Any CPU
		{3B2C65EB-8536-4D8E-B2FB-5E3C320E2332}.Debug|Any CPU.Build.0 = Debug|Any CPU
		{3B2C65EB-8536-4D8E-B2FB-5E3C320E2332}.Release|Any CPU.ActiveCfg = Release|Any CPU
		{3B2C65EB-8536-4D8E-B2FB-5E3C320E2332}.Release|Any CPU.Build.0 = Release|Any CPU
		{4E31D778-96AB-47B6-8A59-E84701E0B85D}.Debug|Any CPU.ActiveCfg = Debug|Any CPU
		{4E31D778-96AB-47B6-8A59-E84701E0B85D}.Debug|Any CPU.Build.0 = Debug|Any CPU
		{4E31D778-96AB-47B6-8A59-E84701E0B85D}.Release|Any CPU.ActiveCfg = Release|Any CPU
		{4E31D778-96AB-47B6-8A59-E84701E0B85D}.Release|Any CPU.Build.0 = Release|Any CPU
	EndGlobalSection
	GlobalSection(SolutionProperties) = preSolution
		HideSolutionNode = FALSE
	EndGlobalSection
	GlobalSection(ExtensibilityGlobals) = postSolution
		SolutionGuid = {6688534E-6D7A-4472-A51D-AE8184438344}
	EndGlobalSection
EndGlobal
