
Microsoft Visual Studio Solution File, Format Version 12.00
# Visual Studio Version 17
VisualStudioVersion = 17.7.34031.279
MinimumVisualStudioVersion = 10.0.40219.1
Project("{9A19103F-16F7-4668-BE54-9A1E7A4F7556}") = "e-Clinic.Web", "e-Clinic.Web\e-Clinic.Web.csproj", "{9C26F517-6903-4A70-9FCD-3513C360E34B}"
EndProject
Project("{9A19103F-16F7-4668-BE54-9A1E7A4F7556}") = "e-Clinic.DataAccess", "e-Clinic.DataAccess\e-Clinic.DataAccess.csproj", "{3B2C65EB-8536-4D8E-B2FB-5E3C320E2332}"
EndProject
Project("{9A19103F-16F7-4668-BE54-9A1E7A4F7556}") = "e-Clinic.Utility", "e-Clinic.Utility\e-Clinic.Utility.csproj", "{4E31D778-96AB-47B6-8A59-E84701E0B85D}"
EndProject
Project("{9A19103F-16F7-4668-BE54-9A1E7A4F7556}") = "e-Clinic.Models", "e-Clinic.Models\e-Clinic.Models.csproj", "{3F0B6432-2AAE-44D2-92AC-2765D94B318A}"
EndProject
Project("{9A19103F-16F7-4668-BE54-9A1E7A4F7556}") = "e-Clinic.Repository", "e-Clinic.Repositories\e-Clinic.Repository.csproj", "{AE33662D-5987-46F1-8358-6CEA9B5F4608}"
EndProject
Project("{9A19103F-16F7-4668-BE54-9A1E7A4F7556}") = "e-Clinic.Hubs", "e-Clinic.Hubs\e-Clinic.Hubs.csproj", "{F304E0CB-D60B-4B64-8F20-B9AD3B337A8B}"
EndProject
Global
	GlobalSection(SolutionConfigurationPlatforms) = preSolution
		Debug|Any CPU = Debug|Any CPU
		Release|Any CPU = Release|Any CPU
	EndGlobalSection
	GlobalSection(ProjectConfigurationPlatforms) = postSolution
		{9C26F517-6903-4A70-9FCD-3513C360E34B}.Debug|Any CPU.ActiveCfg = Debug|Any CPU
		{9C26F517-6903-4A70-9FCD-3513C360E34B}.Debug|Any CPU.Build.0 = Debug|Any CPU
		{9C26F517-6903-4A70-9FCD-3513C360E34B}.Release|Any CPU.ActiveCfg = Release|Any CPU
		{9C26F517-6903-4A70-9FCD-3513C360E34B}.Release|Any CPU.Build.0 = Release|Any CPU
		{3B2C65EB-8536-4D8E-B2FB-5E3C320E2332}.Debug|Any CPU.ActiveCfg = Debug|Any CPU
		{3B2C65EB-8536-4D8E-B2FB-5E3C320E2332}.Debug|Any CPU.Build.0 = Debug|Any CPU
		{3B2C65EB-8536-4D8E-B2FB-5E3C320E2332}.Release|Any CPU.ActiveCfg = Release|Any CPU
		{3B2C65EB-8536-4D8E-B2FB-5E3C320E2332}.Release|Any CPU.Build.0 = Release|Any CPU
		{4E31D778-96AB-47B6-8A59-E84701E0B85D}.Debug|Any CPU.ActiveCfg = Debug|Any CPU
		{4E31D778-96AB-47B6-8A59-E84701E0B85D}.Debug|Any CPU.Build.0 = Debug|Any CPU
		{4E31D778-96AB-47B6-8A59-E84701E0B85D}.Release|Any CPU.ActiveCfg = Release|Any CPU
		{4E31D778-96AB-47B6-8A59-E84701E0B85D}.Release|Any CPU.Build.0 = Release|Any CPU
		{3F0B6432-2AAE-44D2-92AC-2765D94B318A}.Debug|Any CPU.ActiveCfg = Debug|Any CPU
		{3F0B6432-2AAE-44D2-92AC-2765D94B318A}.Debug|Any CPU.Build.0 = Debug|Any CPU
		{3F0B6432-2AAE-44D2-92AC-2765D94B318A}.Release|Any CPU.ActiveCfg = Release|Any CPU
		{3F0B6432-2AAE-44D2-92AC-2765D94B318A}.Release|Any CPU.Build.0 = Release|Any CPU
		{AE33662D-5987-46F1-8358-6CEA9B5F4608}.Debug|Any CPU.ActiveCfg = Debug|Any CPU
		{AE33662D-5987-46F1-8358-6CEA9B5F4608}.Debug|Any CPU.Build.0 = Debug|Any CPU
		{AE33662D-5987-46F1-8358-6CEA9B5F4608}.Release|Any CPU.ActiveCfg = Release|Any CPU
		{AE33662D-5987-46F1-8358-6CEA9B5F4608}.Release|Any CPU.Build.0 = Release|Any CPU
		{F304E0CB-D60B-4B64-8F20-B9AD3B337A8B}.Debug|Any CPU.ActiveCfg = Debug|Any CPU
		{F304E0CB-D60B-4B64-8F20-B9AD3B337A8B}.Debug|Any CPU.Build.0 = Debug|Any CPU
		{F304E0CB-D60B-4B64-8F20-B9AD3B337A8B}.Release|Any CPU.ActiveCfg = Release|Any CPU
		{F304E0CB-D60B-4B64-8F20-B9AD3B337A8B}.Release|Any CPU.Build.0 = Release|Any CPU
	EndGlobalSection
	GlobalSection(SolutionProperties) = preSolution
		HideSolutionNode = FALSE
	EndGlobalSection
	GlobalSection(ExtensibilityGlobals) = postSolution
		SolutionGuid = {6688534E-6D7A-4472-A51D-AE8184438344}
	EndGlobalSection
EndGlobal
